
Microsoft Visual Studio Solution File, Format Version 12.00
# Visual Studio Version 17
VisualStudioVersion = 17.11.35303.130
MinimumVisualStudioVersion = 10.0.40219.1
Project("{FAE04EC0-301F-11D3-BF4B-00C04F79EFBC}") = "ProfanitiesProtector", "ProfanitiesProtector\ProfanitiesProtector.csproj", "{D0528BB5-FDE2-475C-A552-4FFBAE03B6A7}"
EndProject
Global
	GlobalSection(SolutionConfigurationPlatforms) = preSolution
		Debug|Any CPU = Debug|Any CPU
		Release|Any CPU = Release|Any CPU
	EndGlobalSection
	GlobalSection(ProjectConfigurationPlatforms) = postSolution
		{D0528BB5-FDE2-475C-A552-4FFBAE03B6A7}.Debug|Any CPU.ActiveCfg = Debug|Any CPU
		{D0528BB5-FDE2-475C-A552-4FFBAE03B6A7}.Debug|Any CPU.Build.0 = Debug|Any CPU
		{D0528BB5-FDE2-475C-A552-4FFBAE03B6A7}.Release|Any CPU.ActiveCfg = Release|Any CPU
		{D0528BB5-FDE2-475C-A552-4FFBAE03B6A7}.Release|Any CPU.Build.0 = Release|Any CPU
	EndGlobalSection
	GlobalSection(SolutionProperties) = preSolution
		HideSolutionNode = FALSE
	EndGlobalSection
	GlobalSection(ExtensibilityGlobals) = postSolution
		SolutionGuid = {1A499F2B-C454-4FA2-B410-5AB74F3C27F0}
	EndGlobalSection
EndGlobal
